
Microsoft Visual Studio Solution File, Format Version 12.00
# Visual Studio 15
Project("{FAE04EC0-301F-11D3-BF4B-00C04F79EFBC}") = "Assembly-CSharp", "Assembly-CSharp.csproj", "{F292342F-5C9B-A025-2EA2-E97BEFFF8F06}"
EndProject
Project("{FAE04EC0-301F-11D3-BF4B-00C04F79EFBC}") = "Assembly-CSharp-Editor", "Assembly-CSharp-Editor.csproj", "{A66AB806-8C5E-8FDD-BFDC-042AFC34D641}"
EndProject
Global
	GlobalSection(SolutionConfigurationPlatforms) = preSolution
		Debug|Any CPU = Debug|Any CPU
		Release|Any CPU = Release|Any CPU
	EndGlobalSection
	GlobalSection(ProjectConfigurationPlatforms) = postSolution
		{F292342F-5C9B-A025-2EA2-E97BEFFF8F06}.Debug|Any CPU.ActiveCfg = Debug|Any CPU
		{F292342F-5C9B-A025-2EA2-E97BEFFF8F06}.Debug|Any CPU.Build.0 = Debug|Any CPU
		{F292342F-5C9B-A025-2EA2-E97BEFFF8F06}.Release|Any CPU.ActiveCfg = Release|Any CPU
		{F292342F-5C9B-A025-2EA2-E97BEFFF8F06}.Release|Any CPU.Build.0 = Release|Any CPU
		{A66AB806-8C5E-8FDD-BFDC-042AFC34D641}.Debug|Any CPU.ActiveCfg = Debug|Any CPU
		{A66AB806-8C5E-8FDD-BFDC-042AFC34D641}.Debug|Any CPU.Build.0 = Debug|Any CPU
		{A66AB806-8C5E-8FDD-BFDC-042AFC34D641}.Release|Any CPU.ActiveCfg = Release|Any CPU
		{A66AB806-8C5E-8FDD-BFDC-042AFC34D641}.Release|Any CPU.Build.0 = Release|Any CPU
	EndGlobalSection
	GlobalSection(SolutionProperties) = preSolution
		HideSolutionNode = FALSE
	EndGlobalSection
EndGlobal
